
Microsoft Visual Studio Solution File, Format Version 12.00
# Visual Studio Version 16
VisualStudioVersion = 16.0.31702.278
MinimumVisualStudioVersion = 10.0.40219.1
Project("{FAE04EC0-301F-11D3-BF4B-00C04F79EFBC}") = "laba_5555", "laba_5555\laba_5555.csproj", "{1DE4837B-7588-4D33-89F4-30663423077D}"
EndProject
Global
	GlobalSection(SolutionConfigurationPlatforms) = preSolution
		Debug|Any CPU = Debug|Any CPU
		Release|Any CPU = Release|Any CPU
	EndGlobalSection
	GlobalSection(ProjectConfigurationPlatforms) = postSolution
		{1DE4837B-7588-4D33-89F4-30663423077D}.Debug|Any CPU.ActiveCfg = Debug|Any CPU
		{1DE4837B-7588-4D33-89F4-30663423077D}.Debug|Any CPU.Build.0 = Debug|Any CPU
		{1DE4837B-7588-4D33-89F4-30663423077D}.Release|Any CPU.ActiveCfg = Release|Any CPU
		{1DE4837B-7588-4D33-89F4-30663423077D}.Release|Any CPU.Build.0 = Release|Any CPU
	EndGlobalSection
	GlobalSection(SolutionProperties) = preSolution
		HideSolutionNode = FALSE
	EndGlobalSection
	GlobalSection(ExtensibilityGlobals) = postSolution
		SolutionGuid = {B272480E-4ADE-4EED-889F-83D5946BBE8F}
	EndGlobalSection
EndGlobal
